[[tools.age]]
version = "1.2.1"
backend = "aqua:FiloSottile/age"

[[tools.amazon-ecr-credential-helper]]
version = "0.10.1"
backend = "aqua:awslabs/amazon-ecr-credential-helper"

[[tools.ansible-core]]
version = "2.19.2"
backend = "pipx:ansible-core[uvx_args=--with ansible]"

[[tools.argocd]]
version = "3.1.8"
backend = "aqua:argoproj/argo-cd"

[tools.argocd.platforms.macos-arm64]
checksum = "sha256:2e30073fd07b5d671a11c607b328499e9081d1a1a897f6022a25e54b7e9d72e2"
size = 210862914
url = "https://github.com/argoproj/argo-cd/releases/download/v3.1.8/argocd-darwin-arm64"

[[tools.aws-cli]]
version = "2.31.6"
backend = "aqua:aws/aws-cli"

[tools.aws-cli.platforms.macos-arm64]
checksum = "blake3:6e1dbf74c352da650b15a85145b0b70e8add0af3156fb40b72213d1431d1917c"
size = 48147615
url = "https://awscli.amazonaws.com/AWSCLIV2-2.31.6.pkg"

[[tools.bat]]
version = "0.25.0"
backend = "ubi:sharkdp/bat"

[[tools.bat-extras]]
version = "2024.08.24"
backend = "asdf:bat-extras"

[[tools.cargo-binstall]]
version = "1.15.6"
backend = "aqua:cargo-bins/cargo-binstall"

[tools.cargo-binstall.platforms.macos-arm64]
checksum = "blake3:a9ec69060311d1073e50f2028b44a36f6d7b544183648adb5854fd235875d910"
size = 5996733
url = "https://github.com/cargo-bins/cargo-binstall/releases/download/v1.15.6/cargo-binstall-aarch64-apple-darwin.zip"

[[tools."cargo:rustscan"]]
version = "2.4.1"
backend = "cargo:rustscan"

[[tools.chezmoi]]
version = "2.65.2"
backend = "ubi:twpayne/chezmoi"

[tools.chezmoi.platforms.macos-arm64-chezmoi]
checksum = "blake3:369649a853db70c99fa545652beacc81e02102b9c1511878a10fe1f54e89bf88"

[[tools.copier]]
version = "9.10.2"
backend = "pipx:copier"

[[tools.cosign]]
version = "2.6.0"
backend = "aqua:sigstore/cosign"

[tools.cosign.platforms.macos-arm64]
checksum = "sha256:dea5b83b8b375b99ac803c7bdb1f798963dbeb47789ceb72153202e7f20e8d07"
size = 154611890
url = "https://github.com/sigstore/cosign/releases/download/v2.6.0/cosign-darwin-arm64"

[[tools.dagger]]
version = "0.19.0"
backend = "aqua:dagger/dagger"

[tools.dagger.platforms.macos-arm64]
checksum = "sha256:9754bcd7e5ff3ebe3a343557be8a4ea7f22df6e65a0ede836fea2e708f184ace"
size = 18736321
url = "https://github.com/dagger/dagger/releases/download/v0.19.0/dagger_v0.19.0_darwin_arm64.tar.gz"

[[tools.delta]]
version = "0.18.2"
backend = "aqua:dandavison/delta"

[[tools.dive]]
version = "0.13.1"
backend = "ubi:wagoodman/dive"

[[tools.dust]]
version = "1.2.3"
backend = "ubi:bootandy/dust"

[[tools.eza]]
version = "0.23.1"
backend = "asdf:eza"

[[tools.fd]]
version = "10.3.0"
backend = "aqua:sharkdp/fd"

[[tools.fzf]]
version = "0.65.2"
backend = "aqua:junegunn/fzf"

[[tools.gdu]]
version = "5.31.0"
backend = "aqua:dundee/gdu"

[[tools.ghorg]]
version = "1.11.4"
backend = "aqua:gabrie30/ghorg"

[[tools.git-cliff]]
version = "2.10.1"
backend = "aqua:orhun/git-cliff"

[tools.git-cliff.platforms.macos-arm64]
checksum = "sha512:6d34cf358f956c34d64524bd8b1e04baf5045bda8fe21f12999ee361a1c98cad3487be621ce6d8d4f13fa25358a67a1bf90eb0ed4628511704ee3e96b9b0c2b3"
size = 6252193
url = "https://github.com/orhun/git-cliff/releases/download/v2.10.1/git-cliff-2.10.1-aarch64-apple-darwin.tar.gz"

[[tools.glow]]
version = "2.1.1"
backend = "aqua:charmbracelet/glow"

[[tools.go]]
version = "1.25.1"
backend = "core:go"

[[tools."go:github.com/spf13/cobra-cli"]]
version = "1.3.0"
backend = "go:github.com/spf13/cobra-cli"

[[tools.golangci-lint]]
version = "2.5.0"
backend = "aqua:golangci/golangci-lint"

[tools.golangci-lint.platforms.macos-arm64]
checksum = "sha256:0b3cbdc2a2472f60b538ebccb1b2e1ae5d938a051c010591aa68c6efd3706672"
size = 13629335
url = "https://github.com/golangci/golangci-lint/releases/download/v2.5.0/golangci-lint-2.5.0-darwin-arm64.tar.gz"

[[tools.hadolint]]
version = "2.14.0"
backend = "aqua:hadolint/hadolint"

[tools.hadolint.platforms.macos-arm64]
checksum = "sha256:3625e2e9f43dcfe7bd38738a5f5520ed50ce39ed28485266e6803dd7bc197b10"
size = 100982664
url = "https://github.com/hadolint/hadolint/releases/download/v2.14.0/hadolint-macos-arm64"

[[tools.helm]]
version = "3.19.0"
backend = "aqua:helm/helm"

[tools.helm.platforms.macos-arm64]
checksum = "sha256:31513e1193da4eb4ae042eb5f98ef9aca7890cfa136f4707c8d4f70e2115bef6"
size = 17058141
url = "https://get.helm.sh/helm-v3.19.0-darwin-arm64.tar.gz"

[[tools.jq]]
version = "1.8.1"
backend = "aqua:jqlang/jq"

[[tools.k9s]]
version = "0.50.13"
backend = "aqua:derailed/k9s"

[tools.k9s.platforms.macos-arm64]
checksum = "sha256:8ede5ecebfe23cfd9de1e0734c12f47640bc3c0a4ec838bda7acf688659beccf"
size = 38408784
url = "https://github.com/derailed/k9s/releases/download/v0.50.13/k9s_Darwin_arm64.tar.gz"

[[tools.kube-linter]]
version = "0.7.6"
backend = "aqua:stackrox/kube-linter"

[tools.kube-linter.platforms.macos-arm64]
checksum = "blake3:b207d6a48862190bbe57f7f2db763d566802adf36699fec099461d9ec44716ce"
size = 47489170
url = "https://github.com/stackrox/kube-linter/releases/download/v0.7.6/kube-linter-darwin_arm64"

[[tools.kubectl]]
version = "1.34.1"
backend = "aqua:kubernetes/kubectl"

[[tools.kubectx]]
version = "0.9.5"
backend = "aqua:ahmetb/kubectx"

[[tools.kubens]]
version = "0.9.5"
backend = "aqua:ahmetb/kubectx/kubens"

[[tools.kustomize]]
version = "5.7.1"
backend = "aqua:kubernetes-sigs/kustomize"

[[tools.lazygit]]
version = "0.55.1"
backend = "aqua:jesseduffield/lazygit"

[tools.lazygit.platforms.macos-arm64]
checksum = "sha256:d5761da15dc95348e4d508ce3245a132a6129dbace866144b24591f2a5c73b8e"
size = 7598349
url = "https://github.com/jesseduffield/lazygit/releases/download/v0.55.1/lazygit_0.55.1_darwin_arm64.tar.gz"

[[tools.lua]]
version = "5.4.8"
backend = "asdf:lua"

[[tools.mc]]
version = "2025-08-13T08-35-41Z"
backend = "asdf:mc"

[[tools.neovim]]
version = "0.11.4"
backend = "aqua:neovim/neovim"

[[tools.node]]
version = "22.20.0"
backend = "core:node"

[tools.node.platforms.macos-arm64]
checksum = "sha256:cc04a76a09f79290194c0646f48fec40354d88969bec467789a5d55dd097f949"
size = 49838299
url = "https://nodejs.org/dist/v22.20.0/node-v22.20.0-darwin-arm64.tar.gz"

[[tools."pipx:trash-cli"]]
version = "0.24.5.26"
backend = "pipx:trash-cli"

[[tools.restic]]
version = "0.18.1"
backend = "aqua:restic/restic"

[tools.restic.platforms.macos-arm64]
checksum = "sha256:193fccc8bb4567b498923bc70261e104ff22be88016f0f108b035dad372ab711"
size = 9768007
url = "https://github.com/restic/restic/releases/download/v0.18.1/restic_0.18.1_darwin_arm64.bz2"

[[tools.ripgrep]]
version = "14.1.1"
backend = "aqua:BurntSushi/ripgrep"

[[tools.rust]]
version = "1.90.0"
backend = "core:rust"

[[tools.sd]]
version = "1.0.0"
backend = "aqua:chmln/sd"

[[tools.slsa-verifier]]
version = "2.7.1"
backend = "ubi:slsa-framework/slsa-verifier"

[[tools.sops]]
version = "3.10.2"
backend = "aqua:getsops/sops"

[[tools.sqlite]]
version = "3.50.4"
backend = "asdf:sqlite"

[[tools.stern]]
version = "1.33.0"
backend = "aqua:stern/stern"

[[tools.trivy]]
version = "0.67.0"
backend = "aqua:aquasecurity/trivy"

[tools.trivy.platforms.macos-arm64]
checksum = "sha256:feea8727b501f654683774fe0f98a9c1a128c7d8bcd7c942a8e6f6d05b33bd4b"
size = 44676220
url = "https://github.com/aquasecurity/trivy/releases/download/v0.67.0/trivy_0.67.0_macOS-ARM64.tar.gz"

[[tools.ubi]]
version = "0.8.0"
backend = "aqua:houseabsolute/ubi"

[tools.ubi.platforms.macos-arm64]
checksum = "sha256:b2be722c39366ed745a2e96199f944bcd9bfd8ad6382612a815f6c20d36ba51b"
size = 3512803
url = "https://github.com/houseabsolute/ubi/releases/download/v0.8.0/ubi-macOS-arm64.tar.gz"

[[tools."ubi:cantino/mcfly"]]
version = "0.9.3"
backend = "ubi:cantino/mcfly"

[[tools."ubi:gokcehan/lf"]]
version = "r38"
backend = "ubi:gokcehan/lf"

[tools."ubi:gokcehan/lf".platforms.macos-arm64-lf]
checksum = "blake3:3279470a639d6fe2a6df7e7c7c77f7d04742abe17118125b3f218d3e73e62662"

[[tools."ubi:kopia/kopia"]]
version = "0.21.1"
backend = "ubi:kopia/kopia"

[[tools."ubi:nickgerace/gfold"]]
version = "2025.9.0"
backend = "ubi:nickgerace/gfold"

[[tools."ubi:tealdeer-rs/tealdeer"]]
version = "1.7.2"
backend = "ubi:tealdeer-rs/tealdeer"

[[tools.uv]]
version = "0.8.22"
backend = "aqua:astral-sh/uv"

[tools.uv.platforms.macos-arm64]
checksum = "sha256:3f61099e261e449527141dbf125629fab33ad696468c8c90cebbac40185a306c"
size = 18194566
url = "https://github.com/astral-sh/uv/releases/download/0.8.22/uv-aarch64-apple-darwin.tar.gz"

[[tools.velero]]
version = "1.17.0"
backend = "aqua:vmware-tanzu/velero"

[tools.velero.platforms.macos-arm64]
checksum = "sha256:307df4e476aa7ea3b09446eb35512aa6cbf9d2dc1e6cd60fc08e9f31c32d17e1"
size = 56672808
url = "https://github.com/vmware-tanzu/velero/releases/download/v1.17.0/velero-v1.17.0-darwin-arm64.tar.gz"

[[tools.yq]]
version = "4.47.2"
backend = "aqua:mikefarah/yq"

[[tools.yt-dlp]]
version = "2025.09.26"
backend = "ubi:yt-dlp/yt-dlp"

[tools.yt-dlp.platforms.macos-arm64-yt-dlp]
checksum = "blake3:c98bae80a86b62c99fa752e6ab641f45bd533590f6a9ef7ec9a6c8bf4024b3a6"

[[tools.zoxide]]
version = "0.9.8"
backend = "ubi:ajeetdsouza/zoxide"
